{
  "name": "framework-intro",
  "version": "0.0.1",
  "lockfileVersion": 2,
  "requires": true,
  "packages": {
    "": {
      "name": "framework-intro",
      "version": "0.0.1",
      "dependencies": {
        "@explorablegraph/explorable": "0.0.16",
        "node-fetch": "3.2.3"
      }
    },
    "../explorable": {
      "name": "@explorablegraph/explorable",
      "version": "0.0.16",
      "dependencies": {
        "chokidar": "3.5.3",
        "handlebars": "4.7.7",
        "highlight.js": "11.5.0",
        "marked": "4.0.12",
        "node-fetch": "3.2.3",
        "node-graphviz": "0.1.0",
        "yaml": "1.10.2"
      },
      "bin": {
        "ori": "src/cli/cli.js"
      },
      "devDependencies": {
        "@types/chai": "4.3.0",
        "@types/mocha": "9.1.0",
        "@types/node": "17.0.23",
        "chai": "4.3.6",
        "mocha": "9.2.2",
        "typescript": "4.6.3"
      }
    },
    "../explorable/node_modules/@types/chai": {
      "version": "4.3.0",
      "dev": true,
      "license": "MIT"
    },
    "../explorable/node_modules/@types/mocha": {
      "version": "9.1.0",
      "dev": true,
      "license": "MIT"
    },
    "../explorable/node_modules/@types/node": {
      "version": "17.0.23",
      "dev": true,
      "license": "MIT"
    },
    "../explorable/node_modules/@ungap/promise-all-settled": {
      "version": "1.1.2",
      "dev": true,
      "license": "ISC"
    },
    "../explorable/node_modules/ansi-colors": {
      "version": "4.1.1",
      "dev": true,
      "license": "MIT",
      "engines": {
        "node": ">=6"
      }
    },
    "../explorable/node_modules/ansi-regex": {
      "version": "5.0.1",
      "dev": true,
      "license": "MIT",
      "engines": {
        "node": ">=8"
      }
    },
    "../explorable/node_modules/ansi-styles": {
      "version": "4.3.0",
      "dev": true,
      "license": "MIT",
      "dependencies": {
        "color-convert": "^2.0.1"
      },
      "engines": {
        "node": ">=8"
      },
      "funding": {
        "url": "https://github.com/chalk/ansi-styles?sponsor=1"
      }
    },
    "../explorable/node_modules/anymatch": {
      "version": "3.1.2",
      "license": "ISC",
      "dependencies": {
        "normalize-path": "^3.0.0",
        "picomatch": "^2.0.4"
      },
      "engines": {
        "node": ">= 8"
      }
    },
    "../explorable/node_modules/argparse": {
      "version": "2.0.1",
      "dev": true,
      "license": "Python-2.0"
    },
    "../explorable/node_modules/assertion-error": {
      "version": "1.1.0",
      "dev": true,
      "license": "MIT",
      "engines": {
        "node": "*"
      }
    },
    "../explorable/node_modules/balanced-match": {
      "version": "1.0.2",
      "dev": true,
      "license": "MIT"
    },
    "../explorable/node_modules/binary-extensions": {
      "version": "2.2.0",
      "license": "MIT",
      "engines": {
        "node": ">=8"
      }
    },
    "../explorable/node_modules/brace-expansion": {
      "version": "1.1.11",
      "dev": true,
      "license": "MIT",
      "dependencies": {
        "balanced-match": "^1.0.0",
        "concat-map": "0.0.1"
      }
    },
    "../explorable/node_modules/braces": {
      "version": "3.0.2",
      "license": "MIT",
      "dependencies": {
        "fill-range": "^7.0.1"
      },
      "engines": {
        "node": ">=8"
      }
    },
    "../explorable/node_modules/browser-stdout": {
      "version": "1.3.1",
      "dev": true,
      "license": "ISC"
    },
    "../explorable/node_modules/camelcase": {
      "version": "6.3.0",
      "dev": true,
      "license": "MIT",
      "engines": {
        "node": ">=10"
      },
      "funding": {
        "url": "https://github.com/sponsors/sindresorhus"
      }
    },
    "../explorable/node_modules/chai": {
      "version": "4.3.6",
      "dev": true,
      "license": "MIT",
      "dependencies": {
        "assertion-error": "^1.1.0",
        "check-error": "^1.0.2",
        "deep-eql": "^3.0.1",
        "get-func-name": "^2.0.0",
        "loupe": "^2.3.1",
        "pathval": "^1.1.1",
        "type-detect": "^4.0.5"
      },
      "engines": {
        "node": ">=4"
      }
    },
    "../explorable/node_modules/chalk": {
      "version": "4.1.2",
      "dev": true,
      "license": "MIT",
      "dependencies": {
        "ansi-styles": "^4.1.0",
        "supports-color": "^7.1.0"
      },
      "engines": {
        "node": ">=10"
      },
      "funding": {
        "url": "https://github.com/chalk/chalk?sponsor=1"
      }
    },
    "../explorable/node_modules/chalk/node_modules/supports-color": {
      "version": "7.2.0",
      "dev": true,
      "license": "MIT",
      "dependencies": {
        "has-flag": "^4.0.0"
      },
      "engines": {
        "node": ">=8"
      }
    },
    "../explorable/node_modules/check-error": {
      "version": "1.0.2",
      "dev": true,
      "license": "MIT",
      "engines": {
        "node": "*"
      }
    },
    "../explorable/node_modules/chokidar": {
      "version": "3.5.3",
      "funding": [
        {
          "type": "individual",
          "url": "https://paulmillr.com/funding/"
        }
      ],
      "license": "MIT",
      "dependencies": {
        "anymatch": "~3.1.2",
        "braces": "~3.0.2",
        "glob-parent": "~5.1.2",
        "is-binary-path": "~2.1.0",
        "is-glob": "~4.0.1",
        "normalize-path": "~3.0.0",
        "readdirp": "~3.6.0"
      },
      "engines": {
        "node": ">= 8.10.0"
      },
      "optionalDependencies": {
        "fsevents": "~2.3.2"
      }
    },
    "../explorable/node_modules/cliui": {
      "version": "7.0.4",
      "dev": true,
      "license": "ISC",
      "dependencies": {
        "string-width": "^4.2.0",
        "strip-ansi": "^6.0.0",
        "wrap-ansi": "^7.0.0"
      }
    },
    "../explorable/node_modules/color-convert": {
      "version": "2.0.1",
      "dev": true,
      "license": "MIT",
      "dependencies": {
        "color-name": "~1.1.4"
      },
      "engines": {
        "node": ">=7.0.0"
      }
    },
    "../explorable/node_modules/color-name": {
      "version": "1.1.4",
      "dev": true,
      "license": "MIT"
    },
    "../explorable/node_modules/concat-map": {
      "version": "0.0.1",
      "dev": true,
      "license": "MIT"
    },
    "../explorable/node_modules/data-uri-to-buffer": {
      "version": "4.0.0",
      "license": "MIT",
      "engines": {
        "node": ">= 12"
      }
    },
    "../explorable/node_modules/debug": {
      "version": "4.3.3",
      "dev": true,
      "license": "MIT",
      "dependencies": {
        "ms": "2.1.2"
      },
      "engines": {
        "node": ">=6.0"
      },
      "peerDependenciesMeta": {
        "supports-color": {
          "optional": true
        }
      }
    },
    "../explorable/node_modules/debug/node_modules/ms": {
      "version": "2.1.2",
      "dev": true,
      "license": "MIT"
    },
    "../explorable/node_modules/decamelize": {
      "version": "4.0.0",
      "dev": true,
      "license": "MIT",
      "engines": {
        "node": ">=10"
      },
      "funding": {
        "url": "https://github.com/sponsors/sindresorhus"
      }
    },
    "../explorable/node_modules/deep-eql": {
      "version": "3.0.1",
      "dev": true,
      "license": "MIT",
      "dependencies": {
        "type-detect": "^4.0.0"
      },
      "engines": {
        "node": ">=0.12"
      }
    },
    "../explorable/node_modules/diff": {
      "version": "5.0.0",
      "dev": true,
      "license": "BSD-3-Clause",
      "engines": {
        "node": ">=0.3.1"
      }
    },
    "../explorable/node_modules/emoji-regex": {
      "version": "8.0.0",
      "dev": true,
      "license": "MIT"
    },
    "../explorable/node_modules/escalade": {
      "version": "3.1.1",
      "dev": true,
      "license": "MIT",
      "engines": {
        "node": ">=6"
      }
    },
    "../explorable/node_modules/escape-string-regexp": {
      "version": "4.0.0",
      "dev": true,
      "license": "MIT",
      "engines": {
        "node": ">=10"
      },
      "funding": {
        "url": "https://github.com/sponsors/sindresorhus"
      }
    },
    "../explorable/node_modules/fetch-blob": {
      "version": "3.1.4",
      "funding": [
        {
          "type": "github",
          "url": "https://github.com/sponsors/jimmywarting"
        },
        {
          "type": "paypal",
          "url": "https://paypal.me/jimmywarting"
        }
      ],
      "license": "MIT",
      "dependencies": {
        "node-domexception": "^1.0.0",
        "web-streams-polyfill": "^3.0.3"
      },
      "engines": {
        "node": "^12.20 || >= 14.13"
      }
    },
    "../explorable/node_modules/fill-range": {
      "version": "7.0.1",
      "license": "MIT",
      "dependencies": {
        "to-regex-range": "^5.0.1"
      },
      "engines": {
        "node": ">=8"
      }
    },
    "../explorable/node_modules/find-up": {
      "version": "5.0.0",
      "dev": true,
      "license": "MIT",
      "dependencies": {
        "locate-path": "^6.0.0",
        "path-exists": "^4.0.0"
      },
      "engines": {
        "node": ">=10"
      },
      "funding": {
        "url": "https://github.com/sponsors/sindresorhus"
      }
    },
    "../explorable/node_modules/flat": {
      "version": "5.0.2",
      "dev": true,
      "license": "BSD-3-Clause",
      "bin": {
        "flat": "cli.js"
      }
    },
    "../explorable/node_modules/formdata-polyfill": {
      "version": "4.0.10",
      "license": "MIT",
      "dependencies": {
        "fetch-blob": "^3.1.2"
      },
      "engines": {
        "node": ">=12.20.0"
      }
    },
    "../explorable/node_modules/fs.realpath": {
      "version": "1.0.0",
      "dev": true,
      "license": "ISC"
    },
    "../explorable/node_modules/fsevents": {
      "version": "2.3.2",
      "license": "MIT",
      "optional": true,
      "os": [
        "darwin"
      ],
      "engines": {
        "node": "^8.16.0 || ^10.6.0 || >=11.0.0"
      }
    },
    "../explorable/node_modules/get-caller-file": {
      "version": "2.0.5",
      "dev": true,
      "license": "ISC",
      "engines": {
        "node": "6.* || 8.* || >= 10.*"
      }
    },
    "../explorable/node_modules/get-func-name": {
      "version": "2.0.0",
      "dev": true,
      "license": "MIT",
      "engines": {
        "node": "*"
      }
    },
    "../explorable/node_modules/glob": {
      "version": "7.2.0",
      "dev": true,
      "license": "ISC",
      "dependencies": {
        "fs.realpath": "^1.0.0",
        "inflight": "^1.0.4",
        "inherits": "2",
        "minimatch": "^3.0.4",
        "once": "^1.3.0",
        "path-is-absolute": "^1.0.0"
      },
      "engines": {
        "node": "*"
      },
      "funding": {
        "url": "https://github.com/sponsors/isaacs"
      }
    },
    "../explorable/node_modules/glob-parent": {
      "version": "5.1.2",
      "license": "ISC",
      "dependencies": {
        "is-glob": "^4.0.1"
      },
      "engines": {
        "node": ">= 6"
      }
    },
    "../explorable/node_modules/growl": {
      "version": "1.10.5",
      "dev": true,
      "license": "MIT",
      "engines": {
        "node": ">=4.x"
      }
    },
    "../explorable/node_modules/handlebars": {
      "version": "4.7.7",
      "license": "MIT",
      "dependencies": {
        "minimist": "^1.2.5",
        "neo-async": "^2.6.0",
        "source-map": "^0.6.1",
        "wordwrap": "^1.0.0"
      },
      "bin": {
        "handlebars": "bin/handlebars"
      },
      "engines": {
        "node": ">=0.4.7"
      },
      "optionalDependencies": {
        "uglify-js": "^3.1.4"
      }
    },
    "../explorable/node_modules/has-flag": {
      "version": "4.0.0",
      "dev": true,
      "license": "MIT",
      "engines": {
        "node": ">=8"
      }
    },
    "../explorable/node_modules/he": {
      "version": "1.2.0",
      "dev": true,
      "license": "MIT",
      "bin": {
        "he": "bin/he"
      }
    },
    "../explorable/node_modules/highlight.js": {
      "version": "11.5.0",
      "license": "BSD-3-Clause",
      "engines": {
        "node": ">=12.0.0"
      }
    },
    "../explorable/node_modules/inflight": {
      "version": "1.0.6",
      "dev": true,
      "license": "ISC",
      "dependencies": {
        "once": "^1.3.0",
        "wrappy": "1"
      }
    },
    "../explorable/node_modules/inherits": {
      "version": "2.0.4",
      "dev": true,
      "license": "ISC"
    },
    "../explorable/node_modules/is-binary-path": {
      "version": "2.1.0",
      "license": "MIT",
      "dependencies": {
        "binary-extensions": "^2.0.0"
      },
      "engines": {
        "node": ">=8"
      }
    },
    "../explorable/node_modules/is-extglob": {
      "version": "2.1.1",
      "license": "MIT",
      "engines": {
        "node": ">=0.10.0"
      }
    },
    "../explorable/node_modules/is-fullwidth-code-point": {
      "version": "3.0.0",
      "dev": true,
      "license": "MIT",
      "engines": {
        "node": ">=8"
      }
    },
    "../explorable/node_modules/is-glob": {
      "version": "4.0.3",
      "license": "MIT",
      "dependencies": {
        "is-extglob": "^2.1.1"
      },
      "engines": {
        "node": ">=0.10.0"
      }
    },
    "../explorable/node_modules/is-number": {
      "version": "7.0.0",
      "license": "MIT",
      "engines": {
        "node": ">=0.12.0"
      }
    },
    "../explorable/node_modules/is-plain-obj": {
      "version": "2.1.0",
      "dev": true,
      "license": "MIT",
      "engines": {
        "node": ">=8"
      }
    },
    "../explorable/node_modules/is-unicode-supported": {
      "version": "0.1.0",
      "dev": true,
      "license": "MIT",
      "engines": {
        "node": ">=10"
      },
      "funding": {
        "url": "https://github.com/sponsors/sindresorhus"
      }
    },
    "../explorable/node_modules/isexe": {
      "version": "2.0.0",
      "dev": true,
      "license": "ISC"
    },
    "../explorable/node_modules/js-yaml": {
      "version": "4.1.0",
      "dev": true,
      "license": "MIT",
      "dependencies": {
        "argparse": "^2.0.1"
      },
      "bin": {
        "js-yaml": "bin/js-yaml.js"
      }
    },
    "../explorable/node_modules/locate-path": {
      "version": "6.0.0",
      "dev": true,
      "license": "MIT",
      "dependencies": {
        "p-locate": "^5.0.0"
      },
      "engines": {
        "node": ">=10"
      },
      "funding": {
        "url": "https://github.com/sponsors/sindresorhus"
      }
    },
    "../explorable/node_modules/log-symbols": {
      "version": "4.1.0",
      "dev": true,
      "license": "MIT",
      "dependencies": {
        "chalk": "^4.1.0",
        "is-unicode-supported": "^0.1.0"
      },
      "engines": {
        "node": ">=10"
      },
      "funding": {
        "url": "https://github.com/sponsors/sindresorhus"
      }
    },
    "../explorable/node_modules/loupe": {
      "version": "2.3.1",
      "dev": true,
      "license": "MIT",
      "dependencies": {
        "get-func-name": "^2.0.0"
      }
    },
    "../explorable/node_modules/marked": {
      "version": "4.0.12",
      "license": "MIT",
      "bin": {
        "marked": "bin/marked.js"
      },
      "engines": {
        "node": ">= 12"
      }
    },
    "../explorable/node_modules/minimatch": {
      "version": "3.0.4",
      "dev": true,
      "license": "ISC",
      "dependencies": {
        "brace-expansion": "^1.1.7"
      },
      "engines": {
        "node": "*"
      }
    },
    "../explorable/node_modules/minimist": {
      "version": "1.2.5",
      "license": "MIT"
    },
    "../explorable/node_modules/mocha": {
      "version": "9.2.2",
      "dev": true,
      "license": "MIT",
      "dependencies": {
        "@ungap/promise-all-settled": "1.1.2",
        "ansi-colors": "4.1.1",
        "browser-stdout": "1.3.1",
        "chokidar": "3.5.3",
        "debug": "4.3.3",
        "diff": "5.0.0",
        "escape-string-regexp": "4.0.0",
        "find-up": "5.0.0",
        "glob": "7.2.0",
        "growl": "1.10.5",
        "he": "1.2.0",
        "js-yaml": "4.1.0",
        "log-symbols": "4.1.0",
        "minimatch": "4.2.1",
        "ms": "2.1.3",
        "nanoid": "3.3.1",
        "serialize-javascript": "6.0.0",
        "strip-json-comments": "3.1.1",
        "supports-color": "8.1.1",
        "which": "2.0.2",
        "workerpool": "6.2.0",
        "yargs": "16.2.0",
        "yargs-parser": "20.2.4",
        "yargs-unparser": "2.0.0"
      },
      "bin": {
        "_mocha": "bin/_mocha",
        "mocha": "bin/mocha"
      },
      "engines": {
        "node": ">= 12.0.0"
      },
      "funding": {
        "type": "opencollective",
        "url": "https://opencollective.com/mochajs"
      }
    },
    "../explorable/node_modules/mocha/node_modules/minimatch": {
      "version": "4.2.1",
      "dev": true,
      "license": "ISC",
      "dependencies": {
        "brace-expansion": "^1.1.7"
      },
      "engines": {
        "node": ">=10"
      }
    },
    "../explorable/node_modules/ms": {
      "version": "2.1.3",
      "dev": true,
      "license": "MIT"
    },
    "../explorable/node_modules/nanoid": {
      "version": "3.3.1",
      "dev": true,
      "license": "MIT",
      "bin": {
        "nanoid": "bin/nanoid.cjs"
      },
      "engines": {
        "node": "^10 || ^12 || ^13.7 || ^14 || >=15.0.1"
      }
    },
    "../explorable/node_modules/neo-async": {
      "version": "2.6.2",
      "license": "MIT"
    },
    "../explorable/node_modules/node-domexception": {
      "version": "1.0.0",
      "funding": [
        {
          "type": "github",
          "url": "https://github.com/sponsors/jimmywarting"
        },
        {
          "type": "github",
          "url": "https://paypal.me/jimmywarting"
        }
      ],
      "license": "MIT",
      "engines": {
        "node": ">=10.5.0"
      }
    },
    "../explorable/node_modules/node-fetch": {
      "version": "3.2.3",
      "license": "MIT",
      "dependencies": {
        "data-uri-to-buffer": "^4.0.0",
        "fetch-blob": "^3.1.4",
        "formdata-polyfill": "^4.0.10"
      },
      "engines": {
        "node": "^12.20.0 || ^14.13.1 || >=16.0.0"
      },
      "funding": {
        "type": "opencollective",
        "url": "https://opencollective.com/node-fetch"
      }
    },
    "../explorable/node_modules/node-graphviz": {
      "version": "0.1.0",
      "license": "MIT"
    },
    "../explorable/node_modules/normalize-path": {
      "version": "3.0.0",
      "license": "MIT",
      "engines": {
        "node": ">=0.10.0"
      }
    },
    "../explorable/node_modules/once": {
      "version": "1.4.0",
      "dev": true,
      "license": "ISC",
      "dependencies": {
        "wrappy": "1"
      }
    },
    "../explorable/node_modules/p-limit": {
      "version": "3.1.0",
      "dev": true,
      "license": "MIT",
      "dependencies": {
        "yocto-queue": "^0.1.0"
      },
      "engines": {
        "node": ">=10"
      },
      "funding": {
        "url": "https://github.com/sponsors/sindresorhus"
      }
    },
    "../explorable/node_modules/p-locate": {
      "version": "5.0.0",
      "dev": true,
      "license": "MIT",
      "dependencies": {
        "p-limit": "^3.0.2"
      },
      "engines": {
        "node": ">=10"
      },
      "funding": {
        "url": "https://github.com/sponsors/sindresorhus"
      }
    },
    "../explorable/node_modules/path-exists": {
      "version": "4.0.0",
      "dev": true,
      "license": "MIT",
      "engines": {
        "node": ">=8"
      }
    },
    "../explorable/node_modules/path-is-absolute": {
      "version": "1.0.1",
      "dev": true,
      "license": "MIT",
      "engines": {
        "node": ">=0.10.0"
      }
    },
    "../explorable/node_modules/pathval": {
      "version": "1.1.1",
      "dev": true,
      "license": "MIT",
      "engines": {
        "node": "*"
      }
    },
    "../explorable/node_modules/picomatch": {
      "version": "2.3.1",
      "license": "MIT",
      "engines": {
        "node": ">=8.6"
      },
      "funding": {
        "url": "https://github.com/sponsors/jonschlinkert"
      }
    },
    "../explorable/node_modules/randombytes": {
      "version": "2.1.0",
      "dev": true,
      "license": "MIT",
      "dependencies": {
        "safe-buffer": "^5.1.0"
      }
    },
    "../explorable/node_modules/readdirp": {
      "version": "3.6.0",
      "license": "MIT",
      "dependencies": {
        "picomatch": "^2.2.1"
      },
      "engines": {
        "node": ">=8.10.0"
      }
    },
    "../explorable/node_modules/require-directory": {
      "version": "2.1.1",
      "dev": true,
      "license": "MIT",
      "engines": {
        "node": ">=0.10.0"
      }
    },
    "../explorable/node_modules/safe-buffer": {
      "version": "5.2.1",
      "dev": true,
      "funding": [
        {
          "type": "github",
          "url": "https://github.com/sponsors/feross"
        },
        {
          "type": "patreon",
          "url": "https://www.patreon.com/feross"
        },
        {
          "type": "consulting",
          "url": "https://feross.org/support"
        }
      ],
      "license": "MIT"
    },
    "../explorable/node_modules/serialize-javascript": {
      "version": "6.0.0",
      "dev": true,
      "license": "BSD-3-Clause",
      "dependencies": {
        "randombytes": "^2.1.0"
      }
    },
    "../explorable/node_modules/source-map": {
      "version": "0.6.1",
      "license": "BSD-3-Clause",
      "engines": {
        "node": ">=0.10.0"
      }
    },
    "../explorable/node_modules/string-width": {
      "version": "4.2.3",
      "dev": true,
      "license": "MIT",
      "dependencies": {
        "emoji-regex": "^8.0.0",
        "is-fullwidth-code-point": "^3.0.0",
        "strip-ansi": "^6.0.1"
      },
      "engines": {
        "node": ">=8"
      }
    },
    "../explorable/node_modules/strip-ansi": {
      "version": "6.0.1",
      "dev": true,
      "license": "MIT",
      "dependencies": {
        "ansi-regex": "^5.0.1"
      },
      "engines": {
        "node": ">=8"
      }
    },
    "../explorable/node_modules/strip-json-comments": {
      "version": "3.1.1",
      "dev": true,
      "license": "MIT",
      "engines": {
        "node": ">=8"
      },
      "funding": {
        "url": "https://github.com/sponsors/sindresorhus"
      }
    },
    "../explorable/node_modules/supports-color": {
      "version": "8.1.1",
      "dev": true,
      "license": "MIT",
      "dependencies": {
        "has-flag": "^4.0.0"
      },
      "engines": {
        "node": ">=10"
      },
      "funding": {
        "url": "https://github.com/chalk/supports-color?sponsor=1"
      }
    },
    "../explorable/node_modules/to-regex-range": {
      "version": "5.0.1",
      "license": "MIT",
      "dependencies": {
        "is-number": "^7.0.0"
      },
      "engines": {
        "node": ">=8.0"
      }
    },
    "../explorable/node_modules/type-detect": {
      "version": "4.0.8",
      "dev": true,
      "license": "MIT",
      "engines": {
        "node": ">=4"
      }
    },
    "../explorable/node_modules/typescript": {
      "version": "4.6.3",
      "dev": true,
      "license": "Apache-2.0",
      "bin": {
        "tsc": "bin/tsc",
        "tsserver": "bin/tsserver"
      },
      "engines": {
        "node": ">=4.2.0"
      }
    },
    "../explorable/node_modules/uglify-js": {
      "version": "3.14.5",
      "license": "BSD-2-Clause",
      "optional": true,
      "bin": {
        "uglifyjs": "bin/uglifyjs"
      },
      "engines": {
        "node": ">=0.8.0"
      }
    },
    "../explorable/node_modules/web-streams-polyfill": {
      "version": "3.2.0",
      "license": "MIT",
      "engines": {
        "node": ">= 8"
      }
    },
    "../explorable/node_modules/which": {
      "version": "2.0.2",
      "dev": true,
      "license": "ISC",
      "dependencies": {
        "isexe": "^2.0.0"
      },
      "bin": {
        "node-which": "bin/node-which"
      },
      "engines": {
        "node": ">= 8"
      }
    },
    "../explorable/node_modules/wordwrap": {
      "version": "1.0.0",
      "license": "MIT"
    },
    "../explorable/node_modules/workerpool": {
      "version": "6.2.0",
      "dev": true,
      "license": "Apache-2.0"
    },
    "../explorable/node_modules/wrap-ansi": {
      "version": "7.0.0",
      "dev": true,
      "license": "MIT",
      "dependencies": {
        "ansi-styles": "^4.0.0",
        "string-width": "^4.1.0",
        "strip-ansi": "^6.0.0"
      },
      "engines": {
        "node": ">=10"
      },
      "funding": {
        "url": "https://github.com/chalk/wrap-ansi?sponsor=1"
      }
    },
    "../explorable/node_modules/wrappy": {
      "version": "1.0.2",
      "dev": true,
      "license": "ISC"
    },
    "../explorable/node_modules/y18n": {
      "version": "5.0.8",
      "dev": true,
      "license": "ISC",
      "engines": {
        "node": ">=10"
      }
    },
    "../explorable/node_modules/yaml": {
      "version": "1.10.2",
      "license": "ISC",
      "engines": {
        "node": ">= 6"
      }
    },
    "../explorable/node_modules/yargs": {
      "version": "16.2.0",
      "dev": true,
      "license": "MIT",
      "dependencies": {
        "cliui": "^7.0.2",
        "escalade": "^3.1.1",
        "get-caller-file": "^2.0.5",
        "require-directory": "^2.1.1",
        "string-width": "^4.2.0",
        "y18n": "^5.0.5",
        "yargs-parser": "^20.2.2"
      },
      "engines": {
        "node": ">=10"
      }
    },
    "../explorable/node_modules/yargs-parser": {
      "version": "20.2.4",
      "dev": true,
      "license": "ISC",
      "engines": {
        "node": ">=10"
      }
    },
    "../explorable/node_modules/yargs-unparser": {
      "version": "2.0.0",
      "dev": true,
      "license": "MIT",
      "dependencies": {
        "camelcase": "^6.0.0",
        "decamelize": "^4.0.0",
        "flat": "^5.0.2",
        "is-plain-obj": "^2.1.0"
      },
      "engines": {
        "node": ">=10"
      }
    },
    "../explorable/node_modules/yocto-queue": {
      "version": "0.1.0",
      "dev": true,
      "license": "MIT",
      "engines": {
        "node": ">=10"
      },
      "funding": {
        "url": "https://github.com/sponsors/sindresorhus"
      }
    },
    "node_modules/@explorablegraph/explorable": {
      "resolved": "../explorable",
      "link": true
    },
    "node_modules/data-uri-to-buffer": {
      "version": "4.0.0",
      "license": "MIT",
      "engines": {
        "node": ">= 12"
      }
    },
    "node_modules/fetch-blob": {
      "version": "3.2.0",
      "funding": [
        {
          "type": "github",
          "url": "https://github.com/sponsors/jimmywarting"
        },
        {
          "type": "paypal",
          "url": "https://paypal.me/jimmywarting"
        }
      ],
      "license": "MIT",
      "dependencies": {
        "node-domexception": "^1.0.0",
        "web-streams-polyfill": "^3.0.3"
      },
      "engines": {
        "node": "^12.20 || >= 14.13"
      }
    },
    "node_modules/formdata-polyfill": {
      "version": "4.0.10",
      "license": "MIT",
      "dependencies": {
        "fetch-blob": "^3.1.2"
      },
      "engines": {
        "node": ">=12.20.0"
      }
    },
    "node_modules/node-domexception": {
      "version": "1.0.0",
      "funding": [
        {
          "type": "github",
          "url": "https://github.com/sponsors/jimmywarting"
        },
        {
          "type": "github",
          "url": "https://paypal.me/jimmywarting"
        }
      ],
      "license": "MIT",
      "engines": {
        "node": ">=10.5.0"
      }
    },
    "node_modules/node-fetch": {
      "version": "3.2.3",
      "license": "MIT",
      "dependencies": {
        "data-uri-to-buffer": "^4.0.0",
        "fetch-blob": "^3.1.4",
        "formdata-polyfill": "^4.0.10"
      },
      "engines": {
        "node": "^12.20.0 || ^14.13.1 || >=16.0.0"
      },
      "funding": {
        "type": "opencollective",
        "url": "https://opencollective.com/node-fetch"
      }
    },
    "node_modules/web-streams-polyfill": {
      "version": "3.2.1",
      "license": "MIT",
      "engines": {
        "node": ">= 8"
      }
    }
  },
  "dependencies": {
    "@explorablegraph/explorable": {
      "version": "file:../explorable",
      "requires": {
        "@types/chai": "4.3.0",
        "@types/mocha": "9.1.0",
        "@types/node": "17.0.23",
        "chai": "4.3.6",
        "chokidar": "3.5.3",
        "handlebars": "4.7.7",
        "highlight.js": "11.5.0",
        "marked": "4.0.12",
        "mocha": "9.2.2",
        "node-fetch": "3.2.3",
        "node-graphviz": "0.1.0",
        "typescript": "4.6.3",
        "yaml": "1.10.2"
      },
      "dependencies": {
        "@types/chai": {
          "version": "4.3.0",
          "dev": true
        },
        "@types/mocha": {
          "version": "9.1.0",
          "dev": true
        },
        "@types/node": {
          "version": "17.0.23",
          "dev": true
        },
        "@ungap/promise-all-settled": {
          "version": "1.1.2",
          "dev": true
        },
        "ansi-colors": {
          "version": "4.1.1",
          "dev": true
        },
        "ansi-regex": {
          "version": "5.0.1",
          "dev": true
        },
        "ansi-styles": {
          "version": "4.3.0",
          "dev": true,
          "requires": {
            "color-convert": "^2.0.1"
          }
        },
        "anymatch": {
          "version": "3.1.2",
          "requires": {
            "normalize-path": "^3.0.0",
            "picomatch": "^2.0.4"
          }
        },
        "argparse": {
          "version": "2.0.1",
          "dev": true
        },
        "assertion-error": {
          "version": "1.1.0",
          "dev": true
        },
        "balanced-match": {
          "version": "1.0.2",
          "dev": true
        },
        "binary-extensions": {
          "version": "2.2.0"
        },
        "brace-expansion": {
          "version": "1.1.11",
          "dev": true,
          "requires": {
            "balanced-match": "^1.0.0",
            "concat-map": "0.0.1"
          }
        },
        "braces": {
          "version": "3.0.2",
          "requires": {
            "fill-range": "^7.0.1"
          }
        },
        "browser-stdout": {
          "version": "1.3.1",
          "dev": true
        },
        "camelcase": {
          "version": "6.3.0",
          "dev": true
        },
        "chai": {
          "version": "4.3.6",
          "dev": true,
          "requires": {
            "assertion-error": "^1.1.0",
            "check-error": "^1.0.2",
            "deep-eql": "^3.0.1",
            "get-func-name": "^2.0.0",
            "loupe": "^2.3.1",
            "pathval": "^1.1.1",
            "type-detect": "^4.0.5"
          }
        },
        "chalk": {
          "version": "4.1.2",
          "dev": true,
          "requires": {
            "ansi-styles": "^4.1.0",
            "supports-color": "^7.1.0"
          },
          "dependencies": {
            "supports-color": {
              "version": "7.2.0",
              "dev": true,
              "requires": {
                "has-flag": "^4.0.0"
              }
            }
          }
        },
        "check-error": {
          "version": "1.0.2",
          "dev": true
        },
        "chokidar": {
          "version": "3.5.3",
          "requires": {
            "anymatch": "~3.1.2",
            "braces": "~3.0.2",
            "fsevents": "~2.3.2",
            "glob-parent": "~5.1.2",
            "is-binary-path": "~2.1.0",
            "is-glob": "~4.0.1",
            "normalize-path": "~3.0.0",
            "readdirp": "~3.6.0"
          }
        },
        "cliui": {
          "version": "7.0.4",
          "dev": true,
          "requires": {
            "string-width": "^4.2.0",
            "strip-ansi": "^6.0.0",
            "wrap-ansi": "^7.0.0"
          }
        },
        "color-convert": {
          "version": "2.0.1",
          "dev": true,
          "requires": {
            "color-name": "~1.1.4"
          }
        },
        "color-name": {
          "version": "1.1.4",
          "dev": true
        },
        "concat-map": {
          "version": "0.0.1",
          "dev": true
        },
        "data-uri-to-buffer": {
          "version": "4.0.0"
        },
        "debug": {
          "version": "4.3.3",
          "dev": true,
          "requires": {
            "ms": "2.1.2"
          },
          "dependencies": {
            "ms": {
              "version": "2.1.2",
              "dev": true
            }
          }
        },
        "decamelize": {
          "version": "4.0.0",
          "dev": true
        },
        "deep-eql": {
          "version": "3.0.1",
          "dev": true,
          "requires": {
            "type-detect": "^4.0.0"
          }
        },
        "diff": {
          "version": "5.0.0",
          "dev": true
        },
        "emoji-regex": {
          "version": "8.0.0",
          "dev": true
        },
        "escalade": {
          "version": "3.1.1",
          "dev": true
        },
        "escape-string-regexp": {
          "version": "4.0.0",
          "dev": true
        },
        "fetch-blob": {
          "version": "3.1.4",
          "requires": {
            "node-domexception": "^1.0.0",
            "web-streams-polyfill": "^3.0.3"
          }
        },
        "fill-range": {
          "version": "7.0.1",
          "requires": {
            "to-regex-range": "^5.0.1"
          }
        },
        "find-up": {
          "version": "5.0.0",
          "dev": true,
          "requires": {
            "locate-path": "^6.0.0",
            "path-exists": "^4.0.0"
          }
        },
        "flat": {
          "version": "5.0.2",
          "dev": true
        },
        "formdata-polyfill": {
          "version": "4.0.10",
          "requires": {
            "fetch-blob": "^3.1.2"
          }
        },
        "fs.realpath": {
          "version": "1.0.0",
          "dev": true
        },
        "fsevents": {
          "version": "2.3.2",
          "optional": true
        },
        "get-caller-file": {
          "version": "2.0.5",
          "dev": true
        },
        "get-func-name": {
          "version": "2.0.0",
          "dev": true
        },
        "glob": {
          "version": "7.2.0",
          "dev": true,
          "requires": {
            "fs.realpath": "^1.0.0",
            "inflight": "^1.0.4",
            "inherits": "2",
            "minimatch": "^3.0.4",
            "once": "^1.3.0",
            "path-is-absolute": "^1.0.0"
          }
        },
        "glob-parent": {
          "version": "5.1.2",
          "requires": {
            "is-glob": "^4.0.1"
          }
        },
        "growl": {
          "version": "1.10.5",
          "dev": true
        },
        "handlebars": {
          "version": "4.7.7",
          "requires": {
            "minimist": "^1.2.5",
            "neo-async": "^2.6.0",
            "source-map": "^0.6.1",
            "uglify-js": "^3.1.4",
            "wordwrap": "^1.0.0"
          }
        },
        "has-flag": {
          "version": "4.0.0",
          "dev": true
        },
        "he": {
          "version": "1.2.0",
          "dev": true
        },
        "highlight.js": {
          "version": "11.5.0"
        },
        "inflight": {
          "version": "1.0.6",
          "dev": true,
          "requires": {
            "once": "^1.3.0",
            "wrappy": "1"
          }
        },
        "inherits": {
          "version": "2.0.4",
          "dev": true
        },
        "is-binary-path": {
          "version": "2.1.0",
          "requires": {
            "binary-extensions": "^2.0.0"
          }
        },
        "is-extglob": {
          "version": "2.1.1"
        },
        "is-fullwidth-code-point": {
          "version": "3.0.0",
          "dev": true
        },
        "is-glob": {
          "version": "4.0.3",
          "requires": {
            "is-extglob": "^2.1.1"
          }
        },
        "is-number": {
          "version": "7.0.0"
        },
        "is-plain-obj": {
          "version": "2.1.0",
          "dev": true
        },
        "is-unicode-supported": {
          "version": "0.1.0",
          "dev": true
        },
        "isexe": {
          "version": "2.0.0",
          "dev": true
        },
        "js-yaml": {
          "version": "4.1.0",
          "dev": true,
          "requires": {
            "argparse": "^2.0.1"
          }
        },
        "locate-path": {
          "version": "6.0.0",
          "dev": true,
          "requires": {
            "p-locate": "^5.0.0"
          }
        },
        "log-symbols": {
          "version": "4.1.0",
          "dev": true,
          "requires": {
            "chalk": "^4.1.0",
            "is-unicode-supported": "^0.1.0"
          }
        },
        "loupe": {
          "version": "2.3.1",
          "dev": true,
          "requires": {
            "get-func-name": "^2.0.0"
          }
        },
        "marked": {
          "version": "4.0.12"
        },
        "minimatch": {
          "version": "3.0.4",
          "dev": true,
          "requires": {
            "brace-expansion": "^1.1.7"
          }
        },
        "minimist": {
          "version": "1.2.5"
        },
        "mocha": {
          "version": "9.2.2",
          "dev": true,
          "requires": {
            "@ungap/promise-all-settled": "1.1.2",
            "ansi-colors": "4.1.1",
            "browser-stdout": "1.3.1",
            "chokidar": "3.5.3",
            "debug": "4.3.3",
            "diff": "5.0.0",
            "escape-string-regexp": "4.0.0",
            "find-up": "5.0.0",
            "glob": "7.2.0",
            "growl": "1.10.5",
            "he": "1.2.0",
            "js-yaml": "4.1.0",
            "log-symbols": "4.1.0",
            "minimatch": "4.2.1",
            "ms": "2.1.3",
            "nanoid": "3.3.1",
            "serialize-javascript": "6.0.0",
            "strip-json-comments": "3.1.1",
            "supports-color": "8.1.1",
            "which": "2.0.2",
            "workerpool": "6.2.0",
            "yargs": "16.2.0",
            "yargs-parser": "20.2.4",
            "yargs-unparser": "2.0.0"
          },
          "dependencies": {
            "minimatch": {
              "version": "4.2.1",
              "dev": true,
              "requires": {
                "brace-expansion": "^1.1.7"
              }
            }
          }
        },
        "ms": {
          "version": "2.1.3",
          "dev": true
        },
        "nanoid": {
          "version": "3.3.1",
          "dev": true
        },
        "neo-async": {
          "version": "2.6.2"
        },
        "node-domexception": {
          "version": "1.0.0"
        },
        "node-fetch": {
          "version": "3.2.3",
          "requires": {
            "data-uri-to-buffer": "^4.0.0",
            "fetch-blob": "^3.1.4",
            "formdata-polyfill": "^4.0.10"
          }
        },
        "node-graphviz": {
          "version": "0.1.0"
        },
        "normalize-path": {
          "version": "3.0.0"
        },
        "once": {
          "version": "1.4.0",
          "dev": true,
          "requires": {
            "wrappy": "1"
          }
        },
        "p-limit": {
          "version": "3.1.0",
          "dev": true,
          "requires": {
            "yocto-queue": "^0.1.0"
          }
        },
        "p-locate": {
          "version": "5.0.0",
          "dev": true,
          "requires": {
            "p-limit": "^3.0.2"
          }
        },
        "path-exists": {
          "version": "4.0.0",
          "dev": true
        },
        "path-is-absolute": {
          "version": "1.0.1",
          "dev": true
        },
        "pathval": {
          "version": "1.1.1",
          "dev": true
        },
        "picomatch": {
          "version": "2.3.1"
        },
        "randombytes": {
          "version": "2.1.0",
          "dev": true,
          "requires": {
            "safe-buffer": "^5.1.0"
          }
        },
        "readdirp": {
          "version": "3.6.0",
          "requires": {
            "picomatch": "^2.2.1"
          }
        },
        "require-directory": {
          "version": "2.1.1",
          "dev": true
        },
        "safe-buffer": {
          "version": "5.2.1",
          "dev": true
        },
        "serialize-javascript": {
          "version": "6.0.0",
          "dev": true,
          "requires": {
            "randombytes": "^2.1.0"
          }
        },
        "source-map": {
          "version": "0.6.1"
        },
        "string-width": {
          "version": "4.2.3",
          "dev": true,
          "requires": {
            "emoji-regex": "^8.0.0",
            "is-fullwidth-code-point": "^3.0.0",
            "strip-ansi": "^6.0.1"
          }
        },
        "strip-ansi": {
          "version": "6.0.1",
          "dev": true,
          "requires": {
            "ansi-regex": "^5.0.1"
          }
        },
        "strip-json-comments": {
          "version": "3.1.1",
          "dev": true
        },
        "supports-color": {
          "version": "8.1.1",
          "dev": true,
          "requires": {
            "has-flag": "^4.0.0"
          }
        },
        "to-regex-range": {
          "version": "5.0.1",
          "requires": {
            "is-number": "^7.0.0"
          }
        },
        "type-detect": {
          "version": "4.0.8",
          "dev": true
        },
        "typescript": {
          "version": "4.6.3",
          "dev": true
        },
        "uglify-js": {
          "version": "3.14.5",
          "optional": true
        },
        "web-streams-polyfill": {
          "version": "3.2.0"
        },
        "which": {
          "version": "2.0.2",
          "dev": true,
          "requires": {
            "isexe": "^2.0.0"
          }
        },
        "wordwrap": {
          "version": "1.0.0"
        },
        "workerpool": {
          "version": "6.2.0",
          "dev": true
        },
        "wrap-ansi": {
          "version": "7.0.0",
          "dev": true,
          "requires": {
            "ansi-styles": "^4.0.0",
            "string-width": "^4.1.0",
            "strip-ansi": "^6.0.0"
          }
        },
        "wrappy": {
          "version": "1.0.2",
          "dev": true
        },
        "y18n": {
          "version": "5.0.8",
          "dev": true
        },
        "yaml": {
          "version": "1.10.2"
        },
        "yargs": {
          "version": "16.2.0",
          "dev": true,
          "requires": {
            "cliui": "^7.0.2",
            "escalade": "^3.1.1",
            "get-caller-file": "^2.0.5",
            "require-directory": "^2.1.1",
            "string-width": "^4.2.0",
            "y18n": "^5.0.5",
            "yargs-parser": "^20.2.2"
          }
        },
        "yargs-parser": {
          "version": "20.2.4",
          "dev": true
        },
        "yargs-unparser": {
          "version": "2.0.0",
          "dev": true,
          "requires": {
            "camelcase": "^6.0.0",
            "decamelize": "^4.0.0",
            "flat": "^5.0.2",
            "is-plain-obj": "^2.1.0"
          }
        },
        "yocto-queue": {
          "version": "0.1.0",
          "dev": true
        }
      }
    },
    "data-uri-to-buffer": {
      "version": "4.0.0"
    },
    "fetch-blob": {
      "version": "3.2.0",
      "requires": {
        "node-domexception": "^1.0.0",
        "web-streams-polyfill": "^3.0.3"
      }
    },
    "formdata-polyfill": {
      "version": "4.0.10",
      "requires": {
        "fetch-blob": "^3.1.2"
      }
    },
    "node-domexception": {
      "version": "1.0.0"
    },
    "node-fetch": {
      "version": "3.2.3",
      "requires": {
        "data-uri-to-buffer": "^4.0.0",
        "fetch-blob": "^3.1.4",
        "formdata-polyfill": "^4.0.10"
      }
    },
    "web-streams-polyfill": {
      "version": "3.2.1"
    }
  }
}
